
Microsoft Visual Studio Solution File, Format Version 12.00
# Visual Studio 14
VisualStudioVersion = 14.0.25420.1
MinimumVisualStudioVersion = 10.0.40219.1
Project("{FAE04EC0-301F-11D3-BF4B-00C04F79EFBC}") = "WebMVC", "WebMVC\WebMVC.csproj", "{FE2255DD-67E3-4E04-BED1-9F5915909719}"
EndProject
Project("{FAE04EC0-301F-11D3-BF4B-00C04F79EFBC}") = "WebMVC_Hangfire", "WebMVC_Hangfire\WebMVC_Hangfire.csproj", "{74D6A5FD-B283-4BBA-9067-78F3B59B7756}"
EndProject
Global
	GlobalSection(SolutionConfigurationPlatforms) = preSolution
		Debug|Any CPU = Debug|Any CPU
		Release|Any CPU = Release|Any CPU
	EndGlobalSection
	GlobalSection(ProjectConfigurationPlatforms) = postSolution
		{FE2255DD-67E3-4E04-BED1-9F5915909719}.Debug|Any CPU.ActiveCfg = Debug|Any CPU
		{FE2255DD-67E3-4E04-BED1-9F5915909719}.Debug|Any CPU.Build.0 = Debug|Any CPU
		{FE2255DD-67E3-4E04-BED1-9F5915909719}.Release|Any CPU.ActiveCfg = Release|Any CPU
		{FE2255DD-67E3-4E04-BED1-9F5915909719}.Release|Any CPU.Build.0 = Release|Any CPU
		{74D6A5FD-B283-4BBA-9067-78F3B59B7756}.Debug|Any CPU.ActiveCfg = Debug|Any CPU
		{74D6A5FD-B283-4BBA-9067-78F3B59B7756}.Debug|Any CPU.Build.0 = Debug|Any CPU
		{74D6A5FD-B283-4BBA-9067-78F3B59B7756}.Release|Any CPU.ActiveCfg = Release|Any CPU
		{74D6A5FD-B283-4BBA-9067-78F3B59B7756}.Release|Any CPU.Build.0 = Release|Any CPU
	EndGlobalSection
	GlobalSection(SolutionProperties) = preSolution
		HideSolutionNode = FALSE
	EndGlobalSection
EndGlobal
